
Microsoft Visual Studio Solution File, Format Version 12.00
# Visual Studio 15
VisualStudioVersion = 15.0.28307.106
MinimumVisualStudioVersion = 10.0.40219.1
Project("{FAE04EC0-301F-11D3-BF4B-00C04F79EFBC}") = "ConsoleAppDay-01", "ConsoleAppDay-01\ConsoleAppDay-01.csproj", "{779102FA-D512-4047-8509-2ACDA1DD39AF}"
EndProject
Global
	GlobalSection(SolutionConfigurationPlatforms) = preSolution
		Debug|Any CPU = Debug|Any CPU
		Release|Any CPU = Release|Any CPU
	EndGlobalSection
	GlobalSection(ProjectConfigurationPlatforms) = postSolution
		{779102FA-D512-4047-8509-2ACDA1DD39AF}.Debug|Any CPU.ActiveCfg = Debug|Any CPU
		{779102FA-D512-4047-8509-2ACDA1DD39AF}.Debug|Any CPU.Build.0 = Debug|Any CPU
		{779102FA-D512-4047-8509-2ACDA1DD39AF}.Release|Any CPU.ActiveCfg = Release|Any CPU
		{779102FA-D512-4047-8509-2ACDA1DD39AF}.Release|Any CPU.Build.0 = Release|Any CPU
	EndGlobalSection
	GlobalSection(SolutionProperties) = preSolution
		HideSolutionNode = FALSE
	EndGlobalSection
	GlobalSection(ExtensibilityGlobals) = postSolution
		SolutionGuid = {B3E3A4C1-A273-4F90-8EAE-FC3C9339D038}
	EndGlobalSection
EndGlobal
